
Microsoft Visual Studio Solution File, Format Version 12.00
# Visual Studio 2013
VisualStudioVersion = 12.0.21005.1
MinimumVisualStudioVersion = 10.0.40219.1
Project("{FAE04EC0-301F-11D3-BF4B-00C04F79EFBC}") = "TrackerEnabledDbContext", "TrackerEnabledDbContext_Core\TrackerEnabledDbContext.csproj", "{BDE8FEB8-3A4F-491D-9AAD-426C355AAC76}"
EndProject
Project("{FAE04EC0-301F-11D3-BF4B-00C04F79EFBC}") = "SampleLogMaker", "SampleLogMaker\SampleLogMaker.csproj", "{3EE0FE30-1616-4EBE-9694-B4F4017C3C99}"
EndProject
Global
	GlobalSection(SolutionConfigurationPlatforms) = preSolution
		Debug|Any CPU = Debug|Any CPU
		Release|Any CPU = Release|Any CPU
	EndGlobalSection
	GlobalSection(ProjectConfigurationPlatforms) = postSolution
		{BDE8FEB8-3A4F-491D-9AAD-426C355AAC76}.Debug|Any CPU.ActiveCfg = Debug|Any CPU
		{BDE8FEB8-3A4F-491D-9AAD-426C355AAC76}.Debug|Any CPU.Build.0 = Debug|Any CPU
		{BDE8FEB8-3A4F-491D-9AAD-426C355AAC76}.Release|Any CPU.ActiveCfg = Release|Any CPU
		{BDE8FEB8-3A4F-491D-9AAD-426C355AAC76}.Release|Any CPU.Build.0 = Release|Any CPU
		{3EE0FE30-1616-4EBE-9694-B4F4017C3C99}.Debug|Any CPU.ActiveCfg = Debug|Any CPU
		{3EE0FE30-1616-4EBE-9694-B4F4017C3C99}.Debug|Any CPU.Build.0 = Debug|Any CPU
		{3EE0FE30-1616-4EBE-9694-B4F4017C3C99}.Release|Any CPU.ActiveCfg = Release|Any CPU
		{3EE0FE30-1616-4EBE-9694-B4F4017C3C99}.Release|Any CPU.Build.0 = Release|Any CPU
	EndGlobalSection
	GlobalSection(SolutionProperties) = preSolution
		HideSolutionNode = FALSE
	EndGlobalSection
EndGlobal
