
Microsoft Visual Studio Solution File, Format Version 12.00
# Visual Studio 15
VisualStudioVersion = 15.0.27428.2015
MinimumVisualStudioVersion = 10.0.40219.1
Project("{2150E333-8FDC-42A3-9474-1A3956D46DE8}") = "Tests", "Tests", "{07AA70F2-44BA-41A0-927D-271D284E8028}"
EndProject
Project("{2150E333-8FDC-42A3-9474-1A3956D46DE8}") = "Solution Items", "Solution Items", "{578F0B6A-A461-402F-91F1-ACC7A423E97D}"
	ProjectSection(SolutionItems) = preProject
		MyKey.snk = MyKey.snk
		README.md = README.md
	EndProjectSection
EndProject
Project("{D954291E-2A0B-460D-934E-DC6B0785DB48}") = "TrackerEnabledDbContext", "TrackerEnabledDbContext\TrackerEnabledDbContext.shproj", "{CF150C9E-BDA4-4438-9493-6F10CAEC07A6}"
EndProject
Project("{9A19103F-16F7-4668-BE54-9A1E7A4F7556}") = "TrackerEnabledDbContext.Core", "TrackerEnabledDbContext.Core\TrackerEnabledDbContext.Core.csproj", "{3A87F2DC-A5A0-43D6-B17C-8C00DD962A91}"
EndProject
Project("{9A19103F-16F7-4668-BE54-9A1E7A4F7556}") = "TrackerEnabledDbContext.Core.Identity", "TracerEnabledDbContext.Core.Identity\TrackerEnabledDbContext.Core.Identity.csproj", "{96A06DFB-2B24-4E13-A069-04B09358DCCE}"
EndProject
Project("{9A19103F-16F7-4668-BE54-9A1E7A4F7556}") = "SampleLogMaker.Core", "Tests\SampleLogMaker.Core\SampleLogMaker.Core.csproj", "{C3636C0C-016E-4BB5-8549-E6E13E3B2331}"
EndProject
Project("{D954291E-2A0B-460D-934E-DC6B0785DB48}") = "TrackerEnabledDbContext.Tests", "Tests\TrackerEnabledDbContext.Tests\TrackerEnabledDbContext.Tests.shproj", "{6EF84A00-0441-41BD-9378-67144C064928}"
EndProject
Project("{9A19103F-16F7-4668-BE54-9A1E7A4F7556}") = "TrackerEnabledDbContext.Core.Tests", "Tests\TrackerEnabledDbContext.Core.Tests\TrackerEnabledDbContext.Core.Tests.csproj", "{D6CDED19-531F-4777-8261-2F3CC55823DF}"
EndProject
Global
	GlobalSection(SharedMSBuildProjectFiles) = preSolution
		Tests\TrackerEnabledDbContext.Tests\TrackerEnabledDbContext.Tests.projitems*{6ef84a00-0441-41bd-9378-67144c064928}*SharedItemsImports = 13
		TrackerEnabledDbContext\TrackerEnabledDbContext.projitems*{cf150c9e-bda4-4438-9493-6f10caec07a6}*SharedItemsImports = 13
	EndGlobalSection
	GlobalSection(SolutionConfigurationPlatforms) = preSolution
		Debug|Any CPU = Debug|Any CPU
		Release|Any CPU = Release|Any CPU
	EndGlobalSection
	GlobalSection(ProjectConfigurationPlatforms) = postSolution
		{3A87F2DC-A5A0-43D6-B17C-8C00DD962A91}.Debug|Any CPU.ActiveCfg = Debug|Any CPU
		{3A87F2DC-A5A0-43D6-B17C-8C00DD962A91}.Debug|Any CPU.Build.0 = Debug|Any CPU
		{3A87F2DC-A5A0-43D6-B17C-8C00DD962A91}.Release|Any CPU.ActiveCfg = Release|Any CPU
		{3A87F2DC-A5A0-43D6-B17C-8C00DD962A91}.Release|Any CPU.Build.0 = Release|Any CPU
		{96A06DFB-2B24-4E13-A069-04B09358DCCE}.Debug|Any CPU.ActiveCfg = Debug|Any CPU
		{96A06DFB-2B24-4E13-A069-04B09358DCCE}.Debug|Any CPU.Build.0 = Debug|Any CPU
		{96A06DFB-2B24-4E13-A069-04B09358DCCE}.Release|Any CPU.ActiveCfg = Release|Any CPU
		{96A06DFB-2B24-4E13-A069-04B09358DCCE}.Release|Any CPU.Build.0 = Release|Any CPU
		{C3636C0C-016E-4BB5-8549-E6E13E3B2331}.Debug|Any CPU.ActiveCfg = Debug|Any CPU
		{C3636C0C-016E-4BB5-8549-E6E13E3B2331}.Debug|Any CPU.Build.0 = Debug|Any CPU
		{C3636C0C-016E-4BB5-8549-E6E13E3B2331}.Release|Any CPU.ActiveCfg = Release|Any CPU
		{C3636C0C-016E-4BB5-8549-E6E13E3B2331}.Release|Any CPU.Build.0 = Release|Any CPU
		{D6CDED19-531F-4777-8261-2F3CC55823DF}.Debug|Any CPU.ActiveCfg = Debug|Any CPU
		{D6CDED19-531F-4777-8261-2F3CC55823DF}.Debug|Any CPU.Build.0 = Debug|Any CPU
		{D6CDED19-531F-4777-8261-2F3CC55823DF}.Release|Any CPU.ActiveCfg = Release|Any CPU
		{D6CDED19-531F-4777-8261-2F3CC55823DF}.Release|Any CPU.Build.0 = Release|Any CPU
	EndGlobalSection
	GlobalSection(SolutionProperties) = preSolution
		HideSolutionNode = FALSE
	EndGlobalSection
	GlobalSection(NestedProjects) = preSolution
		{C3636C0C-016E-4BB5-8549-E6E13E3B2331} = {07AA70F2-44BA-41A0-927D-271D284E8028}
		{6EF84A00-0441-41BD-9378-67144C064928} = {07AA70F2-44BA-41A0-927D-271D284E8028}
		{D6CDED19-531F-4777-8261-2F3CC55823DF} = {07AA70F2-44BA-41A0-927D-271D284E8028}
	EndGlobalSection
	GlobalSection(ExtensibilityGlobals) = postSolution
		SolutionGuid = {B3EEC787-7D75-47AC-B139-D1E1B7FD61BD}
	EndGlobalSection
EndGlobal
