
Microsoft Visual Studio Solution File, Format Version 12.00
# Visual Studio 14
VisualStudioVersion = 14.0.23107.0
MinimumVisualStudioVersion = 10.0.40219.1
Project("{FAE04EC0-301F-11D3-BF4B-00C04F79EFBC}") = "SampleLogMaker", "SampleLogMaker\SampleLogMaker.csproj", "{3EE0FE30-1616-4EBE-9694-B4F4017C3C99}"
EndProject
Project("{FAE04EC0-301F-11D3-BF4B-00C04F79EFBC}") = "TrackerEnabledDbContext.Identity", "TrackerEnabledDbContext.Identity\TrackerEnabledDbContext.Identity.csproj", "{8A73486C-9D6B-4132-B94B-007E6737B734}"
EndProject
Project("{FAE04EC0-301F-11D3-BF4B-00C04F79EFBC}") = "TrackerEnabledDbContext.Common", "TrackerEnabledDbContext.Common\TrackerEnabledDbContext.Common.csproj", "{AC9808CC-8932-40AE-8F26-3FBA558A5549}"
EndProject
Project("{FAE04EC0-301F-11D3-BF4B-00C04F79EFBC}") = "TrackerEnabledDbContext", "TrackerEnabledDbContext\TrackerEnabledDbContext.csproj", "{BDE8FEB8-3A4F-491D-9AAD-426C355AAC76}"
EndProject
Project("{FAE04EC0-301F-11D3-BF4B-00C04F79EFBC}") = "TrackerEnabledDbContext.Identity.IntegrationTests", "TrackerEnabledDbContext.Identity.IntegrationTests\TrackerEnabledDbContext.Identity.IntegrationTests.csproj", "{68DD7B39-55E4-4B0E-A818-DB6019743FC5}"
EndProject
Project("{FAE04EC0-301F-11D3-BF4B-00C04F79EFBC}") = "TrackerEnabledDbContext.Common.Testing", "TrackerEnabledDbContext.Common.Testing\TrackerEnabledDbContext.Common.Testing.csproj", "{D56578A4-4642-4FCE-B7F7-993D815DD2FD}"
EndProject
Project("{2150E333-8FDC-42A3-9474-1A3956D46DE8}") = "Tests", "Tests", "{07AA70F2-44BA-41A0-927D-271D284E8028}"
EndProject
Project("{2150E333-8FDC-42A3-9474-1A3956D46DE8}") = "Core", "Core", "{E6B24DDD-8A4C-40FD-8281-DC0F2686CA3B}"
EndProject
Project("{FAE04EC0-301F-11D3-BF4B-00C04F79EFBC}") = "TrackerEnabledDbContext.IntegrationTests", "TrackerEnabledDbContext.IntegrationTests\TrackerEnabledDbContext.IntegrationTests.csproj", "{3EA1B657-CABF-4A33-84D6-28F5E1893743}"
EndProject
Project("{2150E333-8FDC-42A3-9474-1A3956D46DE8}") = "Solution Items", "Solution Items", "{578F0B6A-A461-402F-91F1-ACC7A423E97D}"
	ProjectSection(SolutionItems) = preProject
		appveyor.yml = appveyor.yml
	EndProjectSection
EndProject
Global
	GlobalSection(SolutionConfigurationPlatforms) = preSolution
		Debug|Any CPU = Debug|Any CPU
		Release|Any CPU = Release|Any CPU
	EndGlobalSection
	GlobalSection(ProjectConfigurationPlatforms) = postSolution
		{3EE0FE30-1616-4EBE-9694-B4F4017C3C99}.Debug|Any CPU.ActiveCfg = Debug|Any CPU
		{3EE0FE30-1616-4EBE-9694-B4F4017C3C99}.Debug|Any CPU.Build.0 = Debug|Any CPU
		{3EE0FE30-1616-4EBE-9694-B4F4017C3C99}.Release|Any CPU.ActiveCfg = Release|Any CPU
		{3EE0FE30-1616-4EBE-9694-B4F4017C3C99}.Release|Any CPU.Build.0 = Release|Any CPU
		{8A73486C-9D6B-4132-B94B-007E6737B734}.Debug|Any CPU.ActiveCfg = Debug|Any CPU
		{8A73486C-9D6B-4132-B94B-007E6737B734}.Debug|Any CPU.Build.0 = Debug|Any CPU
		{8A73486C-9D6B-4132-B94B-007E6737B734}.Release|Any CPU.ActiveCfg = Release|Any CPU
		{8A73486C-9D6B-4132-B94B-007E6737B734}.Release|Any CPU.Build.0 = Release|Any CPU
		{AC9808CC-8932-40AE-8F26-3FBA558A5549}.Debug|Any CPU.ActiveCfg = Debug|Any CPU
		{AC9808CC-8932-40AE-8F26-3FBA558A5549}.Debug|Any CPU.Build.0 = Debug|Any CPU
		{AC9808CC-8932-40AE-8F26-3FBA558A5549}.Release|Any CPU.ActiveCfg = Release|Any CPU
		{AC9808CC-8932-40AE-8F26-3FBA558A5549}.Release|Any CPU.Build.0 = Release|Any CPU
		{BDE8FEB8-3A4F-491D-9AAD-426C355AAC76}.Debug|Any CPU.ActiveCfg = Debug|Any CPU
		{BDE8FEB8-3A4F-491D-9AAD-426C355AAC76}.Debug|Any CPU.Build.0 = Debug|Any CPU
		{BDE8FEB8-3A4F-491D-9AAD-426C355AAC76}.Release|Any CPU.ActiveCfg = Release|Any CPU
		{BDE8FEB8-3A4F-491D-9AAD-426C355AAC76}.Release|Any CPU.Build.0 = Release|Any CPU
		{68DD7B39-55E4-4B0E-A818-DB6019743FC5}.Debug|Any CPU.ActiveCfg = Debug|Any CPU
		{68DD7B39-55E4-4B0E-A818-DB6019743FC5}.Debug|Any CPU.Build.0 = Debug|Any CPU
		{68DD7B39-55E4-4B0E-A818-DB6019743FC5}.Release|Any CPU.ActiveCfg = Release|Any CPU
		{68DD7B39-55E4-4B0E-A818-DB6019743FC5}.Release|Any CPU.Build.0 = Release|Any CPU
		{D56578A4-4642-4FCE-B7F7-993D815DD2FD}.Debug|Any CPU.ActiveCfg = Debug|Any CPU
		{D56578A4-4642-4FCE-B7F7-993D815DD2FD}.Debug|Any CPU.Build.0 = Debug|Any CPU
		{D56578A4-4642-4FCE-B7F7-993D815DD2FD}.Release|Any CPU.ActiveCfg = Release|Any CPU
		{D56578A4-4642-4FCE-B7F7-993D815DD2FD}.Release|Any CPU.Build.0 = Release|Any CPU
		{3EA1B657-CABF-4A33-84D6-28F5E1893743}.Debug|Any CPU.ActiveCfg = Debug|Any CPU
		{3EA1B657-CABF-4A33-84D6-28F5E1893743}.Debug|Any CPU.Build.0 = Debug|Any CPU
		{3EA1B657-CABF-4A33-84D6-28F5E1893743}.Release|Any CPU.ActiveCfg = Release|Any CPU
		{3EA1B657-CABF-4A33-84D6-28F5E1893743}.Release|Any CPU.Build.0 = Release|Any CPU
	EndGlobalSection
	GlobalSection(SolutionProperties) = preSolution
		HideSolutionNode = FALSE
	EndGlobalSection
	GlobalSection(NestedProjects) = preSolution
		{8A73486C-9D6B-4132-B94B-007E6737B734} = {E6B24DDD-8A4C-40FD-8281-DC0F2686CA3B}
		{AC9808CC-8932-40AE-8F26-3FBA558A5549} = {E6B24DDD-8A4C-40FD-8281-DC0F2686CA3B}
		{BDE8FEB8-3A4F-491D-9AAD-426C355AAC76} = {E6B24DDD-8A4C-40FD-8281-DC0F2686CA3B}
		{68DD7B39-55E4-4B0E-A818-DB6019743FC5} = {07AA70F2-44BA-41A0-927D-271D284E8028}
		{D56578A4-4642-4FCE-B7F7-993D815DD2FD} = {07AA70F2-44BA-41A0-927D-271D284E8028}
		{3EA1B657-CABF-4A33-84D6-28F5E1893743} = {07AA70F2-44BA-41A0-927D-271D284E8028}
	EndGlobalSection
EndGlobal
